
Microsoft Visual Studio Solution File, Format Version 12.00
# Visual Studio Version 16
VisualStudioVersion = 16.0.29424.173
MinimumVisualStudioVersion = 10.0.40219.1
Project("{FAE04EC0-301F-11D3-BF4B-00C04F79EFBC}") = "GitEnjoy", "GitEnjoy\GitEnjoy.csproj", "{169F20AD-4E05-45CF-ABBD-62D1D294B4AB}"
EndProject
Global
	GlobalSection(SolutionConfigurationPlatforms) = preSolution
		Debug|Any CPU = Debug|Any CPU
		Release|Any CPU = Release|Any CPU
	EndGlobalSection
	GlobalSection(ProjectConfigurationPlatforms) = postSolution
		{169F20AD-4E05-45CF-ABBD-62D1D294B4AB}.Debug|Any CPU.ActiveCfg = Debug|Any CPU
		{169F20AD-4E05-45CF-ABBD-62D1D294B4AB}.Debug|Any CPU.Build.0 = Debug|Any CPU
		{169F20AD-4E05-45CF-ABBD-62D1D294B4AB}.Release|Any CPU.ActiveCfg = Release|Any CPU
		{169F20AD-4E05-45CF-ABBD-62D1D294B4AB}.Release|Any CPU.Build.0 = Release|Any CPU
	EndGlobalSection
	GlobalSection(SolutionProperties) = preSolution
		HideSolutionNode = FALSE
	EndGlobalSection
	GlobalSection(ExtensibilityGlobals) = postSolution
		SolutionGuid = {3CD7377B-C729-435C-A555-8C0A898F7AF5}
	EndGlobalSection
EndGlobal
